// !$*UTF8*$!
{
	archiveVersion = 1;
	classes = {
	};
	objectVersion = 50;
	objects = {

/* Begin PBXBuildFile section */
		3CD1B513265C49BB00D17EB1 /* tableTestApp.swift in Sources */ = {isa = PBXBuildFile; fileRef = 3CD1B512265C49BB00D17EB1 /* tableTestApp.swift */; };
		3CD1B515265C49BB00D17EB1 /* ContentView.swift in Sources */ = {isa = PBXBuildFile; fileRef = 3CD1B514265C49BB00D17EB1 /* ContentView.swift */; };
		3CD1B517265C49BB00D17EB1 /* Assets.xcassets in Resources */ = {isa = PBXBuildFile; fileRef = 3CD1B516265C49BB00D17EB1 /* Assets.xcassets */; };
		3CD1B51A265C49BB00D17EB1 /* Preview Assets.xcassets in Resources */ = {isa = PBXBuildFile; fileRef = 3CD1B519265C49BB00D17EB1 /* Preview Assets.xcassets */; };
		3CD1B522265C49CB00D17EB1 /* Model.swift in Sources */ = {isa = PBXBuildFile; fileRef = 3CD1B521265C49CB00D17EB1 /* Model.swift */; };
		3CD1B524265C49D300D17EB1 /* ViewModel.swift in Sources */ = {isa = PBXBuildFile; fileRef = 3CD1B523265C49D300D17EB1 /* ViewModel.swift */; };
		3CD1B526265C4ACF00D17EB1 /* getData.swift in Sources */ = {isa = PBXBuildFile; fileRef = 3CD1B525265C4ACF00D17EB1 /* getData.swift */; };
		3CD1B52A265CB84200D17EB1 /* listOfCharacters.swift in Sources */ = {isa = PBXBuildFile; fileRef = 3CD1B529265CB84200D17EB1 /* listOfCharacters.swift */; };
		3CD1B52C265CB8AB00D17EB1 /* characterProfile.swift in Sources */ = {isa = PBXBuildFile; fileRef = 3CD1B52B265CB8AB00D17EB1 /* characterProfile.swift */; };
		3CD1B52E265CC38700D17EB1 /* currentCharacter.swift in Sources */ = {isa = PBXBuildFile; fileRef = 3CD1B52D265CC38700D17EB1 /* currentCharacter.swift */; };
		4D4C8B11CEA7C612821F9719 /* Pods_tableTest.framework in Frameworks */ = {isa = PBXBuildFile; fileRef = 1CE01A7F8E781075D7D53787 /* Pods_tableTest.framework */; };
/* End PBXBuildFile section */

/* Begin PBXFileReference section */
		1CE01A7F8E781075D7D53787 /* Pods_tableTest.framework */ = {isa = PBXFileReference; explicitFileType = wrapper.framework; includeInIndex = 0; path = Pods_tableTest.framework; sourceTree = BUILT_PRODUCTS_DIR; };
		3CD1B50F265C49BB00D17EB1 /* tableTest.app */ = {isa = PBXFileReference; explicitFileType = wrapper.application; includeInIndex = 0; path = tableTest.app; sourceTree = BUILT_PRODUCTS_DIR; };
		3CD1B512265C49BB00D17EB1 /* tableTestApp.swift */ = {isa = PBXFileReference; lastKnownFileType = sourcecode.swift; path = tableTestApp.swift; sourceTree = "<group>"; };
		3CD1B514265C49BB00D17EB1 /* ContentView.swift */ = {isa = PBXFileReference; lastKnownFileType = sourcecode.swift; path = ContentView.swift; sourceTree = "<group>"; };
		3CD1B516265C49BB00D17EB1 /* Assets.xcassets */ = {isa = PBXFileReference; lastKnownFileType = folder.assetcatalog; path = Assets.xcassets; sourceTree = "<group>"; };
		3CD1B519265C49BB00D17EB1 /* Preview Assets.xcassets */ = {isa = PBXFileReference; lastKnownFileType = folder.assetcatalog; path = "Preview Assets.xcassets"; sourceTree = "<group>"; };
		3CD1B51B265C49BB00D17EB1 /* Info.plist */ = {isa = PBXFileReference; lastKnownFileType = text.plist.xml; path = Info.plist; sourceTree = "<group>"; };
		3CD1B521265C49CB00D17EB1 /* Model.swift */ = {isa = PBXFileReference; lastKnownFileType = sourcecode.swift; path = Model.swift; sourceTree = "<group>"; };
		3CD1B523265C49D300D17EB1 /* ViewModel.swift */ = {isa = PBXFileReference; lastKnownFileType = sourcecode.swift; path = ViewModel.swift; sourceTree = "<group>"; };
		3CD1B525265C4ACF00D17EB1 /* getData.swift */ = {isa = PBXFileReference; lastKnownFileType = sourcecode.swift; path = getData.swift; sourceTree = "<group>"; };
		3CD1B529265CB84200D17EB1 /* listOfCharacters.swift */ = {isa = PBXFileReference; lastKnownFileType = sourcecode.swift; path = listOfCharacters.swift; sourceTree = "<group>"; };
		3CD1B52B265CB8AB00D17EB1 /* characterProfile.swift */ = {isa = PBXFileReference; lastKnownFileType = sourcecode.swift; path = characterProfile.swift; sourceTree = "<group>"; };
		3CD1B52D265CC38700D17EB1 /* currentCharacter.swift */ = {isa = PBXFileReference; lastKnownFileType = sourcecode.swift; path = currentCharacter.swift; sourceTree = "<group>"; };
		5E420DF339CB9F96032A56AF /* Pods-tableTest.debug.xcconfig */ = {isa = PBXFileReference; includeInIndex = 1; lastKnownFileType = text.xcconfig; name = "Pods-tableTest.debug.xcconfig"; path = "Target Support Files/Pods-tableTest/Pods-tableTest.debug.xcconfig"; sourceTree = "<group>"; };
		B67D5D27971106A1CA5215F3 /* Pods-tableTest.release.xcconfig */ = {isa = PBXFileReference; includeInIndex = 1; lastKnownFileType = text.xcconfig; name = "Pods-tableTest.release.xcconfig"; path = "Target Support Files/Pods-tableTest/Pods-tableTest.release.xcconfig"; sourceTree = "<group>"; };
/* End PBXFileReference section */

/* Begin PBXFrameworksBuildPhase section */
		3CD1B50C265C49BB00D17EB1 /* Frameworks */ = {
			isa = PBXFrameworksBuildPhase;
			buildActionMask = 2147483647;
			files = (
				4D4C8B11CEA7C612821F9719 /* Pods_tableTest.framework in Frameworks */,
			);
			runOnlyForDeploymentPostprocessing = 0;
		};
/* End PBXFrameworksBuildPhase section */

/* Begin PBXGroup section */
		3CD1B506265C49BB00D17EB1 = {
			isa = PBXGroup;
			children = (
				3CD1B511265C49BB00D17EB1 /* tableTest */,
				3CD1B510265C49BB00D17EB1 /* Products */,
				8E460ECBE4368E047E97937A /* Pods */,
				B1B20F346A37FF92A15E9DBD /* Frameworks */,
			);
			sourceTree = "<group>";
		};
		3CD1B510265C49BB00D17EB1 /* Products */ = {
			isa = PBXGroup;
			children = (
				3CD1B50F265C49BB00D17EB1 /* tableTest.app */,
			);
			name = Products;
			sourceTree = "<group>";
		};
		3CD1B511265C49BB00D17EB1 /* tableTest */ = {
			isa = PBXGroup;
			children = (
				3CD1B512265C49BB00D17EB1 /* tableTestApp.swift */,
				3CD1B514265C49BB00D17EB1 /* ContentView.swift */,
				3CD1B52B265CB8AB00D17EB1 /* characterProfile.swift */,
				3CD1B529265CB84200D17EB1 /* listOfCharacters.swift */,
				3CD1B52D265CC38700D17EB1 /* currentCharacter.swift */,
				3CD1B523265C49D300D17EB1 /* ViewModel.swift */,
				3CD1B525265C4ACF00D17EB1 /* getData.swift */,
				3CD1B521265C49CB00D17EB1 /* Model.swift */,
				3CD1B516265C49BB00D17EB1 /* Assets.xcassets */,
				3CD1B51B265C49BB00D17EB1 /* Info.plist */,
				3CD1B518265C49BB00D17EB1 /* Preview Content */,
			);
			path = tableTest;
			sourceTree = "<group>";
		};
		3CD1B518265C49BB00D17EB1 /* Preview Content */ = {
			isa = PBXGroup;
			children = (
				3CD1B519265C49BB00D17EB1 /* Preview Assets.xcassets */,
			);
			path = "Preview Content";
			sourceTree = "<group>";
		};
		8E460ECBE4368E047E97937A /* Pods */ = {
			isa = PBXGroup;
			children = (
				5E420DF339CB9F96032A56AF /* Pods-tableTest.debug.xcconfig */,
				B67D5D27971106A1CA5215F3 /* Pods-tableTest.release.xcconfig */,
			);
			name = Pods;
			path = Pods;
			sourceTree = "<group>";
		};
		B1B20F346A37FF92A15E9DBD /* Frameworks */ = {
			isa = PBXGroup;
			children = (
				1CE01A7F8E781075D7D53787 /* Pods_tableTest.framework */,
			);
			name = Frameworks;
			sourceTree = "<group>";
		};
/* End PBXGroup section */

/* Begin PBXNativeTarget section */
		3CD1B50E265C49BB00D17EB1 /* tableTest */ = {
			isa = PBXNativeTarget;
			buildConfigurationList = 3CD1B51E265C49BB00D17EB1 /* Build configuration list for PBXNativeTarget "tableTest" */;
			buildPhases = (
				275677DE69F623EF67F295B6 /* [CP] Check Pods Manifest.lock */,
				3CD1B50B265C49BB00D17EB1 /* Sources */,
				3CD1B50C265C49BB00D17EB1 /* Frameworks */,
				3CD1B50D265C49BB00D17EB1 /* Resources */,
				CF777B92D42B4FA7C4ED5600 /* [CP] Embed Pods Frameworks */,
			);
			buildRules = (
			);
			dependencies = (
			);
			name = tableTest;
			productName = tableTest;
			productReference = 3CD1B50F265C49BB00D17EB1 /* tableTest.app */;
			productType = "com.apple.product-type.application";
		};
/* End PBXNativeTarget section */

/* Begin PBXProject section */
		3CD1B507265C49BB00D17EB1 /* Project object */ = {
			isa = PBXProject;
			attributes = {
				LastSwiftUpdateCheck = 1250;
				LastUpgradeCheck = 1250;
				TargetAttributes = {
					3CD1B50E265C49BB00D17EB1 = {
						CreatedOnToolsVersion = 12.5;
					};
				};
			};
			buildConfigurationList = 3CD1B50A265C49BB00D17EB1 /* Build configuration list for PBXProject "tableTest" */;
			compatibilityVersion = "Xcode 9.3";
			developmentRegion = en;
			hasScannedForEncodings = 0;
			knownRegions = (
				en,
				Base,
			);
			mainGroup = 3CD1B506265C49BB00D17EB1;
			productRefGroup = 3CD1B510265C49BB00D17EB1 /* Products */;
			projectDirPath = "";
			projectRoot = "";
			targets = (
				3CD1B50E265C49BB00D17EB1 /* tableTest */,
			);
		};
/* End PBXProject section */

/* Begin PBXResourcesBuildPhase section */
		3CD1B50D265C49BB00D17EB1 /* Resources */ = {
			isa = PBXResourcesBuildPhase;
			buildActionMask = 2147483647;
			files = (
				3CD1B51A265C49BB00D17EB1 /* Preview Assets.xcassets in Resources */,
				3CD1B517265C49BB00D17EB1 /* Assets.xcassets in Resources */,
			);
			runOnlyForDeploymentPostprocessing = 0;
		};
/* End PBXResourcesBuildPhase section */

/* Begin PBXShellScriptBuildPhase section */
		275677DE69F623EF67F295B6 /* [CP] Check Pods Manifest.lock */ = {
			isa = PBXShellScriptBuildPhase;
			buildActionMask = 2147483647;
			files = (
			);
			inputFileListPaths = (
			);
			inputPaths = (
				"${PODS_PODFILE_DIR_PATH}/Podfile.lock",
				"${PODS_ROOT}/Manifest.lock",
			);
			name = "[CP] Check Pods Manifest.lock";
			outputFileListPaths = (
			);
			outputPaths = (
				"$(DERIVED_FILE_DIR)/Pods-tableTest-checkManifestLockResult.txt",
			);
			runOnlyForDeploymentPostprocessing = 0;
			shellPath = /bin/sh;
			shellScript = "diff \"${PODS_PODFILE_DIR_PATH}/Podfile.lock\" \"${PODS_ROOT}/Manifest.lock\" > /dev/null\nif [ $? != 0 ] ; then\n    # print error to STDERR\n    echo \"error: The sandbox is not in sync with the Podfile.lock. Run 'pod install' or update your CocoaPods installation.\" >&2\n    exit 1\nfi\n# This output is used by Xcode 'outputs' to avoid re-running this script phase.\necho \"SUCCESS\" > \"${SCRIPT_OUTPUT_FILE_0}\"\n";
			showEnvVarsInLog = 0;
		};
		CF777B92D42B4FA7C4ED5600 /* [CP] Embed Pods Frameworks */ = {
			isa = PBXShellScriptBuildPhase;
			buildActionMask = 2147483647;
			files = (
			);
			inputFileListPaths = (
				"${PODS_ROOT}/Target Support Files/Pods-tableTest/Pods-tableTest-frameworks-${CONFIGURATION}-input-files.xcfilelist",
			);
			name = "[CP] Embed Pods Frameworks";
			outputFileListPaths = (
				"${PODS_ROOT}/Target Support Files/Pods-tableTest/Pods-tableTest-frameworks-${CONFIGURATION}-output-files.xcfilelist",
			);
			runOnlyForDeploymentPostprocessing = 0;
			shellPath = /bin/sh;
			shellScript = "\"${PODS_ROOT}/Target Support Files/Pods-tableTest/Pods-tableTest-frameworks.sh\"\n";
			showEnvVarsInLog = 0;
		};
/* End PBXShellScriptBuildPhase section */

/* Begin PBXSourcesBuildPhase section */
		3CD1B50B265C49BB00D17EB1 /* Sources */ = {
			isa = PBXSourcesBuildPhase;
			buildActionMask = 2147483647;
			files = (
				3CD1B522265C49CB00D17EB1 /* Model.swift in Sources */,
				3CD1B52E265CC38700D17EB1 /* currentCharacter.swift in Sources */,
				3CD1B515265C49BB00D17EB1 /* ContentView.swift in Sources */,
				3CD1B52A265CB84200D17EB1 /* listOfCharacters.swift in Sources */,
				3CD1B524265C49D300D17EB1 /* ViewModel.swift in Sources */,
				3CD1B526265C4ACF00D17EB1 /* getData.swift in Sources */,
				3CD1B52C265CB8AB00D17EB1 /* characterProfile.swift in Sources */,
				3CD1B513265C49BB00D17EB1 /* tableTestApp.swift in Sources */,
			);
			runOnlyForDeploymentPostprocessing = 0;
		};
/* End PBXSourcesBuildPhase section */

/* Begin XCBuildConfiguration section */
		3CD1B51C265C49BB00D17EB1 /* Debug */ = {
			isa = XCBuildConfiguration;
			buildSettings = {
				ALWAYS_SEARCH_USER_PATHS = NO;
				CLANG_ANALYZER_NONNULL = YES;
				CLANG_ANALYZER_NUMBER_OBJECT_CONVERSION = YES_AGGRESSIVE;
				CLANG_CXX_LANGUAGE_STANDARD = "gnu++14";
				CLANG_CXX_LIBRARY = "libc++";
				CLANG_ENABLE_MODULES = YES;
				CLANG_ENABLE_OBJC_ARC = YES;
				CLANG_ENABLE_OBJC_WEAK = YES;
				CLANG_WARN_BLOCK_CAPTURE_AUTORELEASING = YES;
				CLANG_WARN_BOOL_CONVERSION = YES;
				CLANG_WARN_COMMA = YES;
				CLANG_WARN_CONSTANT_CONVERSION = YES;
				CLANG_WARN_DEPRECATED_OBJC_IMPLEMENTATIONS = YES;
				CLANG_WARN_DIRECT_OBJC_ISA_USAGE = YES_ERROR;
				CLANG_WARN_DOCUMENTATION_COMMENTS = YES;
				CLANG_WARN_EMPTY_BODY = YES;
				CLANG_WARN_ENUM_CONVERSION = YES;
				CLANG_WARN_INFINITE_RECURSION = YES;
				CLANG_WARN_INT_CONVERSION = YES;
				CLANG_WARN_NON_LITERAL_NULL_CONVERSION = YES;
				CLANG_WARN_OBJC_IMPLICIT_RETAIN_SELF = YES;
				CLANG_WARN_OBJC_LITERAL_CONVERSION = YES;
				CLANG_WARN_OBJC_ROOT_CLASS = YES_ERROR;
				CLANG_WARN_QUOTED_INCLUDE_IN_FRAMEWORK_HEADER = YES;
				CLANG_WARN_RANGE_LOOP_ANALYSIS = YES;
				CLANG_WARN_STRICT_PROTOTYPES = YES;
				CLANG_WARN_SUSPICIOUS_MOVE = YES;
				CLANG_WARN_UNGUARDED_AVAILABILITY = YES_AGGRESSIVE;
				CLANG_WARN_UNREACHABLE_CODE = YES;
				CLANG_WARN__DUPLICATE_METHOD_MATCH = YES;
				COPY_PHASE_STRIP = NO;
				DEBUG_INFORMATION_FORMAT = dwarf;
				ENABLE_STRICT_OBJC_MSGSEND = YES;
				ENABLE_TESTABILITY = YES;
				GCC_C_LANGUAGE_STANDARD = gnu11;
				GCC_DYNAMIC_NO_PIC = NO;
				GCC_NO_COMMON_BLOCKS = YES;
				GCC_OPTIMIZATION_LEVEL = 0;
				GCC_PREPROCESSOR_DEFINITIONS = (
					"DEBUG=1",
					"$(inherited)",
				);
				GCC_WARN_64_TO_32_BIT_CONVERSION = YES;
				GCC_WARN_ABOUT_RETURN_TYPE = YES_ERROR;
				GCC_WARN_UNDECLARED_SELECTOR = YES;
				GCC_WARN_UNINITIALIZED_AUTOS = YES_AGGRESSIVE;
				GCC_WARN_UNUSED_FUNCTION = YES;
				GCC_WARN_UNUSED_VARIABLE = YES;
				IPHONEOS_DEPLOYMENT_TARGET = 14.5;
				MTL_ENABLE_DEBUG_INFO = INCLUDE_SOURCE;
				MTL_FAST_MATH = YES;
				ONLY_ACTIVE_ARCH = YES;
				SDKROOT = iphoneos;
				SWIFT_ACTIVE_COMPILATION_CONDITIONS = DEBUG;
				SWIFT_OPTIMIZATION_LEVEL = "-Onone";
			};
			name = Debug;
		};
		3CD1B51D265C49BB00D17EB1 /* Release */ = {
			isa = XCBuildConfiguration;
			buildSettings = {
				ALWAYS_SEARCH_USER_PATHS = NO;
				CLANG_ANALYZER_NONNULL = YES;
				CLANG_ANALYZER_NUMBER_OBJECT_CONVERSION = YES_AGGRESSIVE;
				CLANG_CXX_LANGUAGE_STANDARD = "gnu++14";
				CLANG_CXX_LIBRARY = "libc++";
				CLANG_ENABLE_MODULES = YES;
				CLANG_ENABLE_OBJC_ARC = YES;
				CLANG_ENABLE_OBJC_WEAK = YES;
				CLANG_WARN_BLOCK_CAPTURE_AUTORELEASING = YES;
				CLANG_WARN_BOOL_CONVERSION = YES;
				CLANG_WARN_COMMA = YES;
				CLANG_WARN_CONSTANT_CONVERSION = YES;
				CLANG_WARN_DEPRECATED_OBJC_IMPLEMENTATIONS = YES;
				CLANG_WARN_DIRECT_OBJC_ISA_USAGE = YES_ERROR;
				CLANG_WARN_DOCUMENTATION_COMMENTS = YES;
				CLANG_WARN_EMPTY_BODY = YES;
				CLANG_WARN_ENUM_CONVERSION = YES;
				CLANG_WARN_INFINITE_RECURSION = YES;
				CLANG_WARN_INT_CONVERSION = YES;
				CLANG_WARN_NON_LITERAL_NULL_CONVERSION = YES;
				CLANG_WARN_OBJC_IMPLICIT_RETAIN_SELF = YES;
				CLANG_WARN_OBJC_LITERAL_CONVERSION = YES;
				CLANG_WARN_OBJC_ROOT_CLASS = YES_ERROR;
				CLANG_WARN_QUOTED_INCLUDE_IN_FRAMEWORK_HEADER = YES;
				CLANG_WARN_RANGE_LOOP_ANALYSIS = YES;
				CLANG_WARN_STRICT_PROTOTYPES = YES;
				CLANG_WARN_SUSPICIOUS_MOVE = YES;
				CLANG_WARN_UNGUARDED_AVAILABILITY = YES_AGGRESSIVE;
				CLANG_WARN_UNREACHABLE_CODE = YES;
				CLANG_WARN__DUPLICATE_METHOD_MATCH = YES;
				COPY_PHASE_STRIP = NO;
				DEBUG_INFORMATION_FORMAT = "dwarf-with-dsym";
				ENABLE_NS_ASSERTIONS = NO;
				ENABLE_STRICT_OBJC_MSGSEND = YES;
				GCC_C_LANGUAGE_STANDARD = gnu11;
				GCC_NO_COMMON_BLOCKS = YES;
				GCC_WARN_64_TO_32_BIT_CONVERSION = YES;
				GCC_WARN_ABOUT_RETURN_TYPE = YES_ERROR;
				GCC_WARN_UNDECLARED_SELECTOR = YES;
				GCC_WARN_UNINITIALIZED_AUTOS = YES_AGGRESSIVE;
				GCC_WARN_UNUSED_FUNCTION = YES;
				GCC_WARN_UNUSED_VARIABLE = YES;
				IPHONEOS_DEPLOYMENT_TARGET = 14.5;
				MTL_ENABLE_DEBUG_INFO = NO;
				MTL_FAST_MATH = YES;
				SDKROOT = iphoneos;
				SWIFT_COMPILATION_MODE = wholemodule;
				SWIFT_OPTIMIZATION_LEVEL = "-O";
				VALIDATE_PRODUCT = YES;
			};
			name = Release;
		};
		3CD1B51F265C49BB00D17EB1 /* Debug */ = {
			isa = XCBuildConfiguration;
			baseConfigurationReference = 5E420DF339CB9F96032A56AF /* Pods-tableTest.debug.xcconfig */;
			buildSettings = {
				ASSETCATALOG_COMPILER_APPICON_NAME = AppIcon;
				ASSETCATALOG_COMPILER_GLOBAL_ACCENT_COLOR_NAME = AccentColor;
				CODE_SIGN_STYLE = Automatic;
				DEVELOPMENT_ASSET_PATHS = "\"tableTest/Preview Content\"";
				DEVELOPMENT_TEAM = S9A5XDL3FJ;
				ENABLE_PREVIEWS = YES;
				INFOPLIST_FILE = tableTest/Info.plist;
				IPHONEOS_DEPLOYMENT_TARGET = 14.0;
				LD_RUNPATH_SEARCH_PATHS = (
					"$(inherited)",
					"@executable_path/Frameworks",
				);
				PRODUCT_BUNDLE_IDENTIFIER = ibapps39.tableTest;
				PRODUCT_NAME = "$(TARGET_NAME)";
				SWIFT_VERSION = 5.0;
				TARGETED_DEVICE_FAMILY = "1,2";
			};
			name = Debug;
		};
		3CD1B520265C49BB00D17EB1 /* Release */ = {
			isa = XCBuildConfiguration;
			baseConfigurationReference = B67D5D27971106A1CA5215F3 /* Pods-tableTest.release.xcconfig */;
			buildSettings = {
				ASSETCATALOG_COMPILER_APPICON_NAME = AppIcon;
				ASSETCATALOG_COMPILER_GLOBAL_ACCENT_COLOR_NAME = AccentColor;
				CODE_SIGN_STYLE = Automatic;
				DEVELOPMENT_ASSET_PATHS = "\"tableTest/Preview Content\"";
				DEVELOPMENT_TEAM = S9A5XDL3FJ;
				ENABLE_PREVIEWS = YES;
				INFOPLIST_FILE = tableTest/Info.plist;
				IPHONEOS_DEPLOYMENT_TARGET = 14.0;
				LD_RUNPATH_SEARCH_PATHS = (
					"$(inherited)",
					"@executable_path/Frameworks",
				);
				PRODUCT_BUNDLE_IDENTIFIER = ibapps39.tableTest;
				PRODUCT_NAME = "$(TARGET_NAME)";
				SWIFT_VERSION = 5.0;
				TARGETED_DEVICE_FAMILY = "1,2";
			};
			name = Release;
		};
/* End XCBuildConfiguration section */

/* Begin XCConfigurationList section */
		3CD1B50A265C49BB00D17EB1 /* Build configuration list for PBXProject "tableTest" */ = {
			isa = XCConfigurationList;
			buildConfigurations = (
				3CD1B51C265C49BB00D17EB1 /* Debug */,
				3CD1B51D265C49BB00D17EB1 /* Release */,
			);
			defaultConfigurationIsVisible = 0;
			defaultConfigurationName = Release;
		};
		3CD1B51E265C49BB00D17EB1 /* Build configuration list for PBXNativeTarget "tableTest" */ = {
			isa = XCConfigurationList;
			buildConfigurations = (
				3CD1B51F265C49BB00D17EB1 /* Debug */,
				3CD1B520265C49BB00D17EB1 /* Release */,
			);
			defaultConfigurationIsVisible = 0;
			defaultConfigurationName = Release;
		};
/* End XCConfigurationList section */
	};
	rootObject = 3CD1B507265C49BB00D17EB1 /* Project object */;
}
